<?xml version="1.0" encoding="UTF-8" standalone="yes" ?>
<CodeBlocks_project_file>
	<FileVersion major="1" minor="6" />
	<Project>
		<Option title="SistemaFabrica" />
		<Option pch_mode="2" />
		<Option compiler="gcc" />
		<Build>
			<Target title="Debug">
				<Option output="../Executavel/sistema" prefix_auto="1" extension_auto="1" />
				<Option object_output="obj/Debug/" />
				<Option type="1" />
				<Option compiler="gcc" />
				<Compiler>
					<Add option="-g" />
				</Compiler>
			</Target>
			<Target title="Release">
				<Option output="bin/Release/SistemaFabrica" prefix_auto="1" extension_auto="1" />
				<Option object_output="obj/Release/" />
				<Option type="1" />
				<Option compiler="gcc" />
				<Compiler>
					<Add option="-O2" />
				</Compiler>
				<Linker>
					<Add option="-s" />
				</Linker>
			</Target>
		</Build>
		<Compiler>
			<Add option="-Wall" />
		</Compiler>
		<Unit filename="../Bibliotecas/Arquivos.h" />
		<Unit filename="../Bibliotecas/Estruturas.h" />
		<Unit filename="../Bibliotecas/MateriaPARVOREAVL.h" />
		<Unit filename="../Bibliotecas/MateriasPLD.h" />
		<Unit filename="../Bibliotecas/Menu.h" />
		<Unit filename="../Bibliotecas/ProdutosLDE.h" />
		<Unit filename="../Modulos/Arquivos.c">
			<Option compilerVar="CC" />
		</Unit>
		<Unit filename="../Modulos/Estruturas.c">
			<Option compilerVar="CC" />
		</Unit>
		<Unit filename="../Modulos/MateriaPARVOREAVL.c">
			<Option compilerVar="CC" />
		</Unit>
		<Unit filename="../Modulos/MateriasPLD.c">
			<Option compilerVar="CC" />
		</Unit>
		<Unit filename="../Modulos/Menu.c">
			<Option compilerVar="CC" />
		</Unit>
		<Unit filename="../Modulos/ProdutosLDE.c">
			<Option compilerVar="CC" />
		</Unit>
		<Unit filename="../Modulos/main.c">
			<Option compilerVar="CC" />
		</Unit>
		<Extensions />
	</Project>
</CodeBlocks_project_file>
